step_id: A-002
parent_tactical_step: T-005
name: Metadata close — unlock и cleanup
target_file: ai_editor/commands/universal_file_edit/close_command_metadata.py
operation: modify_file
priority: 1
depends_on: []
concepts:
- C-016
prompt: "CURRENT FILE CONTENT (`ai_editor/commands/universal_file_edit/close_command_metadata.py`):\n```py\n\"\"\"\nMetadata for universal_file_close command (AI/docs).\n\nAuthor: Vasiliy Zdanovskiy\nemail: vasilyvz@gmail.com\n\"\"\"\n\nfrom __future__ import annotations\n\nfrom typing import Any, Dict, Type\n\n\ndef get_universal_file_close_metadata(cls: Type[Any]) -> Dict[str, Any]:\n    \"\"\"Return command metadata dict for universal_file_close.\n\n    Args:\n        cls: The command class (UniversalFileCloseCommand).\n\n    Returns:\n        Metadata dict with description, parameters, examples, errors.\n    \"\"\"\n    return {\n        \"name\": cls.name,\n        \"version\": cls.version,\n        \"description\": cls.descr,\n        \"category\": cls.category,\n        \"author\": cls.author,\n        \"email\": cls.email,\n        \"detailed_description\": (\n            \"End an edit session and clean up all session artefacts.\\n\\n\"\n            \"Releases the in-memory session\
  \ from universal_file_open. This is unrelated to \"\n            \"client session commands (session_create, session_close_file, …).\\n\\n\"\n            \"universal_file_close is the final step in the universal file edit workflow:\\n\"\n            \"  1. universal_file_open  — open a file, get session_id\\n\"\n            \"  2. universal_file_preview — obtain node_ref values\\n\"\n            \"  3. universal_file_edit  — apply operations to the in-memory draft\\n\"\n            \"  4. universal_file_write — preview diff, then commit to disk\\n\"\n            \"  5. universal_file_close — release the session  (THIS COMMAND)\\n\\n\"\n            \"Cleanup behavior by file type:\\n\\n\"\n            \"Python (.py):\\n\"\n            \"  Verifies the sidecar SHA-256 against the source file. If they match,\\n\"\n            \"  the sidecar is left intact for the next session. If they differ (e.g.\\n\"\n            \"  the file was modified externally), the sidecar is rebuilt from source.\\\
  n\"\n            \"  The write lockfile is deleted. draft_rebuilt=true is returned when the\\n\"\n            \"  sidecar had to be rebuilt.\\n\\n\"\n            \"JSON/YAML (.json, .yaml, .yml):\\n\"\n            \"  Deletes the draft file and frees the in-memory tree. The write lockfile\\n\"\n            \"  is deleted. If the draft differs from disk (uncommitted edits), the draft\\n\"\n            \"  is rebuilt from the on-disk source — uncommitted changes are discarded.\\n\\n\"\n            \"text (.md, .txt, .rst, .adoc, …):\\n\"\n            \"  Deletes the draft file and write lockfile. Uncommitted edits are discarded.\\n\\n\"\n            \"Uncommitted edits (universal_file_edit without universal_file_write commit)\\n\"\n            \"are silently discarded on close. Always commit before closing if changes matter.\"\n        ),\n        \"parameters\": {\n            \"project_id\": {\n                \"description\": (\n                    \"Project UUID. Required by schema for\
  \ MCP consistency; execute uses \"\n                    \"only session_id — paths and format_group come from the EditSession record.\"\n                ),\n                \"type\": \"string\",\n                \"required\": True,\n                \"examples\": [\"8772a086-688d-4198-a0c4-f03817cc0e6c\"],\n            },\n            \"session_id\": {\n                \"description\": (\n                    \"Active session UUID returned by universal_file_open. \"\n                    \"Sessions are invalidated on server restart.\"\n                ),\n                \"type\": \"string\",\n                \"required\": True,\n            },\n        },\n        \"return_value\": {\n            \"success\": {\n                \"description\": \"Session released and artefacts cleaned up.\",\n                \"data\": {\n                    \"success\": \"Always True on success.\",\n                    \"draft_rebuilt\": \"True when the sidecar or draft was rebuilt from source (sidecar/tree-temp\
  \ only).\",\n                },\n                \"example\": {\"success\": True, \"draft_rebuilt\": False},\n            },\n            \"error\": {\n                \"description\": \"Session could not be closed.\",\n                \"code\": \"Stable error code (see error_cases).\",\n                \"message\": \"Human-readable description.\",\n            },\n        },\n        \"usage_examples\": [\n            {\n                \"description\": \"Full lifecycle: open → edit → write → close\",\n                \"command\": {\n                    \"project_id\": \"8772a086-688d-4198-a0c4-f03817cc0e6c\",\n                    \"session_id\": \"<from universal_file_open>\",\n                },\n                \"explanation\": (\n                    \"After universal_file_write (commit), call close to release the session \"\n                    \"and delete the draft file. Always close even if write failed.\"\n                ),\n            },\n        ],\n        \"error_cases\"\
  : {\n            \"SESSION_NOT_FOUND\": {\n                \"description\": \"session_id is not registered; server may have restarted.\",\n                \"solution\": \"Nothing to close — the session was already lost on restart.\",\n            },\n        },\n        \"best_practices\": [\n            \"Always close sessions after write to release the lockfile and free memory.\",\n            \"Call close even when write failed — it cleans up partial artefacts.\",\n            \"Unclosed sessions are lost on server restart but lockfiles may remain on disk; re-opening the file clears them.\",\n            \"Do not call close before committing if you still need to inspect the diff.\",\n            \"Calling close without commit discards uncommitted draft edits (cancel workflow).\",\n        ],\n    }\n```\n\nModify target file.\n\nUpdate metadata for thin close (C-016):\n\n- `session_id` = CA session id (required).\n- `file_path` when multi-file open in same session.\n- Describes CA unlock\
  \ via upstream + local workspace subtree removal.\n- Error cases: session/file not open, unlock failure (best-effort note).\n\nNo session_view; no separate session_close_file MCP on editor.\n"
verification:
  type: manual
  target: ai_editor/commands/universal_file_edit/close_command_metadata.py
  expected: metadata consistent with close orchestration AS.
status: draft
